
Microsoft Visual Studio Solution File, Format Version 12.00
# Visual Studio 15
VisualStudioVersion = 15.0.27130.2027
MinimumVisualStudioVersion = 10.0.40219.1
Project("{FAE04EC0-301F-11D3-BF4B-00C04F79EFBC}") = "DemoLayoutOptions.Android", "DemoLayoutOptions\DemoLayoutOptions.Android\DemoLayoutOptions.Android.csproj", "{4940A930-2352-4707-BBB0-35F6AFD4B324}"
EndProject
Project("{FAE04EC0-301F-11D3-BF4B-00C04F79EFBC}") = "DemoLayoutOptions.iOS", "DemoLayoutOptions\DemoLayoutOptions.iOS\DemoLayoutOptions.iOS.csproj", "{CB184BEF-7677-493F-BE0F-69CA5045A262}"
EndProject
Project("{FAE04EC0-301F-11D3-BF4B-00C04F79EFBC}") = "DemoLayoutOptions", "DemoLayoutOptions\DemoLayoutOptions\DemoLayoutOptions.csproj", "{1E746F42-5584-497B-8160-E18687721768}"
EndProject
Global
	GlobalSection(SolutionConfigurationPlatforms) = preSolution
		Ad-Hoc|Any CPU = Ad-Hoc|Any CPU
		Ad-Hoc|iPhone = Ad-Hoc|iPhone
		Ad-Hoc|iPhoneSimulator = Ad-Hoc|iPhoneSimulator
		AppStore|Any CPU = AppStore|Any CPU
		AppStore|iPhone = AppStore|iPhone
		AppStore|iPhoneSimulator = AppStore|iPhoneSimulator
		Debug|Any CPU = Debug|Any CPU
		Debug|iPhone = Debug|iPhone
		Debug|iPhoneSimulator = Debug|iPhoneSimulator
		Release|Any CPU = Release|Any CPU
		Release|iPhone = Release|iPhone
		Release|iPhoneSimulator = Release|iPhoneSimulator
	EndGlobalSection
	GlobalSection(ProjectConfigurationPlatforms) = postSolution
		{4940A930-2352-4707-BBB0-35F6AFD4B324}.Ad-Hoc|Any CPU.ActiveCfg = Release|Any CPU
		{4940A930-2352-4707-BBB0-35F6AFD4B324}.Ad-Hoc|Any CPU.Build.0 = Release|Any CPU
		{4940A930-2352-4707-BBB0-35F6AFD4B324}.Ad-Hoc|Any CPU.Deploy.0 = Release|Any CPU
		{4940A930-2352-4707-BBB0-35F6AFD4B324}.Ad-Hoc|iPhone.ActiveCfg = Release|Any CPU
		{4940A930-2352-4707-BBB0-35F6AFD4B324}.Ad-Hoc|iPhone.Build.0 = Release|Any CPU
		{4940A930-2352-4707-BBB0-35F6AFD4B324}.Ad-Hoc|iPhone.Deploy.0 = Release|Any CPU
		{4940A930-2352-4707-BBB0-35F6AFD4B324}.Ad-Hoc|iPhoneSimulator.ActiveCfg = Release|Any CPU
		{4940A930-2352-4707-BBB0-35F6AFD4B324}.Ad-Hoc|iPhoneSimulator.Build.0 = Release|Any CPU
		{4940A930-2352-4707-BBB0-35F6AFD4B324}.Ad-Hoc|iPhoneSimulator.Deploy.0 = Release|Any CPU
		{4940A930-2352-4707-BBB0-35F6AFD4B324}.AppStore|Any CPU.ActiveCfg = Release|Any CPU
		{4940A930-2352-4707-BBB0-35F6AFD4B324}.AppStore|Any CPU.Build.0 = Release|Any CPU
		{4940A930-2352-4707-BBB0-35F6AFD4B324}.AppStore|Any CPU.Deploy.0 = Release|Any CPU
		{4940A930-2352-4707-BBB0-35F6AFD4B324}.AppStore|iPhone.ActiveCfg = Release|Any CPU
		{4940A930-2352-4707-BBB0-35F6AFD4B324}.AppStore|iPhone.Build.0 = Release|Any CPU
		{4940A930-2352-4707-BBB0-35F6AFD4B324}.AppStore|iPhone.Deploy.0 = Release|Any CPU
		{4940A930-2352-4707-BBB0-35F6AFD4B324}.AppStore|iPhoneSimulator.ActiveCfg = Release|Any CPU
		{4940A930-2352-4707-BBB0-35F6AFD4B324}.AppStore|iPhoneSimulator.Build.0 = Release|Any CPU
		{4940A930-2352-4707-BBB0-35F6AFD4B324}.AppStore|iPhoneSimulator.Deploy.0 = Release|Any CPU
		{4940A930-2352-4707-BBB0-35F6AFD4B324}.Debug|Any CPU.ActiveCfg = Debug|Any CPU
		{4940A930-2352-4707-BBB0-35F6AFD4B324}.Debug|Any CPU.Build.0 = Debug|Any CPU
		{4940A930-2352-4707-BBB0-35F6AFD4B324}.Debug|Any CPU.Deploy.0 = Debug|Any CPU
		{4940A930-2352-4707-BBB0-35F6AFD4B324}.Debug|iPhone.ActiveCfg = Debug|Any CPU
		{4940A930-2352-4707-BBB0-35F6AFD4B324}.Debug|iPhone.Build.0 = Debug|Any CPU
		{4940A930-2352-4707-BBB0-35F6AFD4B324}.Debug|iPhone.Deploy.0 = Debug|Any CPU
		{4940A930-2352-4707-BBB0-35F6AFD4B324}.Debug|iPhoneSimulator.ActiveCfg = Debug|Any CPU
		{4940A930-2352-4707-BBB0-35F6AFD4B324}.Debug|iPhoneSimulator.Build.0 = Debug|Any CPU
		{4940A930-2352-4707-BBB0-35F6AFD4B324}.Debug|iPhoneSimulator.Deploy.0 = Debug|Any CPU
		{4940A930-2352-4707-BBB0-35F6AFD4B324}.Release|Any CPU.ActiveCfg = Release|Any CPU
		{4940A930-2352-4707-BBB0-35F6AFD4B324}.Release|Any CPU.Build.0 = Release|Any CPU
		{4940A930-2352-4707-BBB0-35F6AFD4B324}.Release|Any CPU.Deploy.0 = Release|Any CPU
		{4940A930-2352-4707-BBB0-35F6AFD4B324}.Release|iPhone.ActiveCfg = Release|Any CPU
		{4940A930-2352-4707-BBB0-35F6AFD4B324}.Release|iPhone.Build.0 = Release|Any CPU
		{4940A930-2352-4707-BBB0-35F6AFD4B324}.Release|iPhone.Deploy.0 = Release|Any CPU
		{4940A930-2352-4707-BBB0-35F6AFD4B324}.Release|iPhoneSimulator.ActiveCfg = Release|Any CPU
		{4940A930-2352-4707-BBB0-35F6AFD4B324}.Release|iPhoneSimulator.Build.0 = Release|Any CPU
		{4940A930-2352-4707-BBB0-35F6AFD4B324}.Release|iPhoneSimulator.Deploy.0 = Release|Any CPU
		{CB184BEF-7677-493F-BE0F-69CA5045A262}.Ad-Hoc|Any CPU.ActiveCfg = Ad-Hoc|iPhone
		{CB184BEF-7677-493F-BE0F-69CA5045A262}.Ad-Hoc|iPhone.ActiveCfg = Ad-Hoc|iPhone
		{CB184BEF-7677-493F-BE0F-69CA5045A262}.Ad-Hoc|iPhone.Build.0 = Ad-Hoc|iPhone
		{CB184BEF-7677-493F-BE0F-69CA5045A262}.Ad-Hoc|iPhoneSimulator.ActiveCfg = Ad-Hoc|iPhoneSimulator
		{CB184BEF-7677-493F-BE0F-69CA5045A262}.Ad-Hoc|iPhoneSimulator.Build.0 = Ad-Hoc|iPhoneSimulator
		{CB184BEF-7677-493F-BE0F-69CA5045A262}.AppStore|Any CPU.ActiveCfg = AppStore|iPhone
		{CB184BEF-7677-493F-BE0F-69CA5045A262}.AppStore|iPhone.ActiveCfg = AppStore|iPhone
		{CB184BEF-7677-493F-BE0F-69CA5045A262}.AppStore|iPhone.Build.0 = AppStore|iPhone
		{CB184BEF-7677-493F-BE0F-69CA5045A262}.AppStore|iPhoneSimulator.ActiveCfg = AppStore|iPhoneSimulator
		{CB184BEF-7677-493F-BE0F-69CA5045A262}.AppStore|iPhoneSimulator.Build.0 = AppStore|iPhoneSimulator
		{CB184BEF-7677-493F-BE0F-69CA5045A262}.Debug|Any CPU.ActiveCfg = Debug|iPhone
		{CB184BEF-7677-493F-BE0F-69CA5045A262}.Debug|iPhone.ActiveCfg = Debug|iPhone
		{CB184BEF-7677-493F-BE0F-69CA5045A262}.Debug|iPhone.Build.0 = Debug|iPhone
		{CB184BEF-7677-493F-BE0F-69CA5045A262}.Debug|iPhoneSimulator.ActiveCfg = Debug|iPhoneSimulator
		{CB184BEF-7677-493F-BE0F-69CA5045A262}.Debug|iPhoneSimulator.Build.0 = Debug|iPhoneSimulator
		{CB184BEF-7677-493F-BE0F-69CA5045A262}.Release|Any CPU.ActiveCfg = Release|iPhone
		{CB184BEF-7677-493F-BE0F-69CA5045A262}.Release|iPhone.ActiveCfg = Release|iPhone
		{CB184BEF-7677-493F-BE0F-69CA5045A262}.Release|iPhone.Build.0 = Release|iPhone
		{CB184BEF-7677-493F-BE0F-69CA5045A262}.Release|iPhoneSimulator.ActiveCfg = Release|iPhoneSimulator
		{CB184BEF-7677-493F-BE0F-69CA5045A262}.Release|iPhoneSimulator.Build.0 = Release|iPhoneSimulator
		{1E746F42-5584-497B-8160-E18687721768}.Ad-Hoc|Any CPU.ActiveCfg = Debug|Any CPU
		{1E746F42-5584-497B-8160-E18687721768}.Ad-Hoc|Any CPU.Build.0 = Debug|Any CPU
		{1E746F42-5584-497B-8160-E18687721768}.Ad-Hoc|iPhone.ActiveCfg = Debug|Any CPU
		{1E746F42-5584-497B-8160-E18687721768}.Ad-Hoc|iPhone.Build.0 = Debug|Any CPU
		{1E746F42-5584-497B-8160-E18687721768}.Ad-Hoc|iPhoneSimulator.ActiveCfg = Debug|Any CPU
		{1E746F42-5584-497B-8160-E18687721768}.Ad-Hoc|iPhoneSimulator.Build.0 = Debug|Any CPU
		{1E746F42-5584-497B-8160-E18687721768}.AppStore|Any CPU.ActiveCfg = Debug|Any CPU
		{1E746F42-5584-497B-8160-E18687721768}.AppStore|Any CPU.Build.0 = Debug|Any CPU
		{1E746F42-5584-497B-8160-E18687721768}.AppStore|iPhone.ActiveCfg = Debug|Any CPU
		{1E746F42-5584-497B-8160-E18687721768}.AppStore|iPhone.Build.0 = Debug|Any CPU
		{1E746F42-5584-497B-8160-E18687721768}.AppStore|iPhoneSimulator.ActiveCfg = Debug|Any CPU
		{1E746F42-5584-497B-8160-E18687721768}.AppStore|iPhoneSimulator.Build.0 = Debug|Any CPU
		{1E746F42-5584-497B-8160-E18687721768}.Debug|Any CPU.ActiveCfg = Debug|Any CPU
		{1E746F42-5584-497B-8160-E18687721768}.Debug|Any CPU.Build.0 = Debug|Any CPU
		{1E746F42-5584-497B-8160-E18687721768}.Debug|iPhone.ActiveCfg = Debug|Any CPU
		{1E746F42-5584-497B-8160-E18687721768}.Debug|iPhone.Build.0 = Debug|Any CPU
		{1E746F42-5584-497B-8160-E18687721768}.Debug|iPhoneSimulator.ActiveCfg = Debug|Any CPU
		{1E746F42-5584-497B-8160-E18687721768}.Debug|iPhoneSimulator.Build.0 = Debug|Any CPU
		{1E746F42-5584-497B-8160-E18687721768}.Release|Any CPU.ActiveCfg = Release|Any CPU
		{1E746F42-5584-497B-8160-E18687721768}.Release|Any CPU.Build.0 = Release|Any CPU
		{1E746F42-5584-497B-8160-E18687721768}.Release|iPhone.ActiveCfg = Release|Any CPU
		{1E746F42-5584-497B-8160-E18687721768}.Release|iPhone.Build.0 = Release|Any CPU
		{1E746F42-5584-497B-8160-E18687721768}.Release|iPhoneSimulator.ActiveCfg = Release|Any CPU
		{1E746F42-5584-497B-8160-E18687721768}.Release|iPhoneSimulator.Build.0 = Release|Any CPU
	EndGlobalSection
	GlobalSection(SolutionProperties) = preSolution
		HideSolutionNode = FALSE
	EndGlobalSection
	GlobalSection(ExtensibilityGlobals) = postSolution
		SolutionGuid = {F0A631A3-68F2-4F33-A1C9-8B4E9BD484DC}
	EndGlobalSection
EndGlobal
